<?xml version="1.0" encoding="utf-8"?>
<Project ToolsVersion="4.0" xmlns="http://schemas.microsoft.com/developer/msbuild/2003">
  <ItemGroup>
    <Filter Include="源文件">
      <UniqueIdentifier>{4FC737F1-C7A5-4376-A066-2A32D752A2FF}</UniqueIdentifier>
      <Extensions>cpp;c;cc;cxx;def;odl;idl;hpj;bat;asm;asmx</Extensions>
    </Filter>
    <Filter Include="头文件">
      <UniqueIdentifier>{93995380-89BD-4b04-88EB-625FBE52EBFB}</UniqueIdentifier>
      <Extensions>h;hh;hpp;hxx;hm;inl;inc;xsd</Extensions>
    </Filter>
    <Filter Include="资源文件">
      <UniqueIdentifier>{67DA6AB6-F800-4c08-8B7A-83BB121AAD01}</UniqueIdentifier>
      <Extensions>rc;ico;cur;bmp;dlg;rc2;rct;bin;rgs;gif;jpg;jpeg;jpe;resx;tiff;tif;png;wav;mfcribbon-ms</Extensions>
    </Filter>
    <Filter Include="handlers">
      <UniqueIdentifier>{1e11f119-5a06-4a6f-8985-68ce3a2dad1d}</UniqueIdentifier>
    </Filter>
    <Filter Include="mysql">
      <UniqueIdentifier>{3f77e015-f82e-403f-8054-62dc10f61abd}</UniqueIdentifier>
    </Filter>
    <Filter Include="config">
      <UniqueIdentifier>{8b135cc7-ec49-454b-b2bc-024413bff46b}</UniqueIdentifier>
    </Filter>
    <Filter Include="login">
      <UniqueIdentifier>{e894effe-e917-4b8e-8a73-f5a22fba4bc4}</UniqueIdentifier>
    </Filter>
    <Filter Include="protocol">
      <UniqueIdentifier>{5ea36703-7741-438b-a61a-df4fbe27151e}</UniqueIdentifier>
    </Filter>
  </ItemGroup>
  <ItemGroup>
    <ClInclude Include="..\..\loginserver\header.h">
      <Filter>头文件</Filter>
    </ClInclude>
    <ClInclude Include="..\..\loginserver\LoginServer.h">
      <Filter>头文件</Filter>
    </ClInclude>
    <ClInclude Include="..\..\loginserver\config\ServerConfig.h">
      <Filter>config</Filter>
    </ClInclude>
    <ClInclude Include="..\..\loginserver\handlers\MsgChainer.h">
      <Filter>handlers</Filter>
    </ClInclude>
    <ClInclude Include="..\..\loginserver\handlers\ClientHandler.h">
      <Filter>handlers</Filter>
    </ClInclude>
    <ClInclude Include="..\..\loginserver\login\LoginMng.h">
      <Filter>login</Filter>
    </ClInclude>
    <ClInclude Include="..\..\loginserver\mysql\DBMng.h">
      <Filter>mysql</Filter>
    </ClInclude>
    <ClInclude Include="..\..\protocol\login.pb.h">
      <Filter>protocol</Filter>
    </ClInclude>
  </ItemGroup>
  <ItemGroup>
    <ClCompile Include="..\..\loginserver\LoginServer.cpp">
      <Filter>源文件</Filter>
    </ClCompile>
    <ClCompile Include="..\..\loginserver\main.cpp">
      <Filter>源文件</Filter>
    </ClCompile>
    <ClCompile Include="..\..\loginserver\config\ServerConfig.cpp">
      <Filter>config</Filter>
    </ClCompile>
    <ClCompile Include="..\..\loginserver\handlers\MsgChainer.cpp">
      <Filter>handlers</Filter>
    </ClCompile>
    <ClCompile Include="..\..\loginserver\handlers\ClientHandler.cpp">
      <Filter>handlers</Filter>
    </ClCompile>
    <ClCompile Include="..\..\loginserver\login\LoginMng.cpp">
      <Filter>login</Filter>
    </ClCompile>
    <ClCompile Include="..\..\loginserver\mysql\DBMng.cpp">
      <Filter>mysql</Filter>
    </ClCompile>
    <ClCompile Include="..\..\protocol\login.pb.cc">
      <Filter>protocol</Filter>
    </ClCompile>
  </ItemGroup>
</Project>