<?xml version="1.0" encoding="utf-8"?>
<Project ToolsVersion="4.0" xmlns="http://schemas.microsoft.com/developer/msbuild/2003">
  <ItemGroup>
    <Filter Include="源文件">
      <UniqueIdentifier>{4FC737F1-C7A5-4376-A066-2A32D752A2FF}</UniqueIdentifier>
      <Extensions>cpp;c;cc;cxx;def;odl;idl;hpj;bat;asm;asmx</Extensions>
    </Filter>
    <Filter Include="头文件">
      <UniqueIdentifier>{93995380-89BD-4b04-88EB-625FBE52EBFB}</UniqueIdentifier>
      <Extensions>h;hh;hpp;hxx;hm;inl;inc;xsd</Extensions>
    </Filter>
    <Filter Include="资源文件">
      <UniqueIdentifier>{67DA6AB6-F800-4c08-8B7A-83BB121AAD01}</UniqueIdentifier>
      <Extensions>rc;ico;cur;bmp;dlg;rc2;rct;bin;rgs;gif;jpg;jpeg;jpe;resx;tiff;tif;png;wav;mfcribbon-ms</Extensions>
    </Filter>
    <Filter Include="config">
      <UniqueIdentifier>{85091916-36cd-42ba-bffb-1b4fc89b1085}</UniqueIdentifier>
    </Filter>
    <Filter Include="handlers">
      <UniqueIdentifier>{65f76d9e-fef7-4646-b371-6e92c5a74b29}</UniqueIdentifier>
    </Filter>
    <Filter Include="protocol">
      <UniqueIdentifier>{bff37f7d-4c71-459e-aafd-50caa4903caf}</UniqueIdentifier>
    </Filter>
    <Filter Include="scenemng-alpha">
      <UniqueIdentifier>{29eda156-0a6b-4c7d-a768-81eb8290f7f9}</UniqueIdentifier>
    </Filter>
    <Filter Include="playermng">
      <UniqueIdentifier>{c523638d-e590-47a6-b5d7-cadb843c8258}</UniqueIdentifier>
    </Filter>
    <Filter Include="fsm">
      <UniqueIdentifier>{2d9af8ed-cf4f-458f-a73f-6d41e68d0ed3}</UniqueIdentifier>
    </Filter>
    <Filter Include="plane_shooting">
      <UniqueIdentifier>{f2218ec3-363a-418b-bed4-889d2a31ab37}</UniqueIdentifier>
    </Filter>
  </ItemGroup>
  <ItemGroup>
    <ClCompile Include="..\..\gameserver\config\ServerConfig.cpp">
      <Filter>config</Filter>
    </ClCompile>
    <ClCompile Include="..\..\gameserver\handlers\ClientHandler.cpp">
      <Filter>handlers</Filter>
    </ClCompile>
    <ClCompile Include="..\..\gameserver\handlers\DsHandler.cpp">
      <Filter>handlers</Filter>
    </ClCompile>
    <ClCompile Include="..\..\gameserver\GameServer.cpp">
      <Filter>源文件</Filter>
    </ClCompile>
    <ClCompile Include="..\..\gameserver\main.cpp">
      <Filter>源文件</Filter>
    </ClCompile>
    <ClCompile Include="..\..\gameserver\handlers\GsMsgChainer.cpp">
      <Filter>handlers</Filter>
    </ClCompile>
    <ClCompile Include="..\..\gameserver\handlers\LobbyHandler.cpp">
      <Filter>handlers</Filter>
    </ClCompile>
    <ClCompile Include="..\..\gameserver\scenemng-alpha\Map.cpp">
      <Filter>scenemng-alpha</Filter>
    </ClCompile>
    <ClCompile Include="..\..\gameserver\scenemng-alpha\SceneMng.cpp">
      <Filter>scenemng-alpha</Filter>
    </ClCompile>
    <ClCompile Include="..\..\protocol\login.pb.cc">
      <Filter>protocol</Filter>
    </ClCompile>
    <ClCompile Include="..\..\protocol\client.pb.cc">
      <Filter>protocol</Filter>
    </ClCompile>
    <ClCompile Include="..\..\gameserver\fsm\State.cpp">
      <Filter>fsm</Filter>
    </ClCompile>
    <ClCompile Include="..\..\gameserver\fsm\StateImpls.cpp">
      <Filter>fsm</Filter>
    </ClCompile>
    <ClCompile Include="..\..\gameserver\plane_shooting\Plane.cpp">
      <Filter>plane_shooting</Filter>
    </ClCompile>
    <ClCompile Include="..\..\gameserver\plane_shooting\Bullet.cpp">
      <Filter>plane_shooting</Filter>
    </ClCompile>
    <ClCompile Include="..\..\gameserver\plane_shooting\SceneMng2.cpp">
      <Filter>plane_shooting</Filter>
    </ClCompile>
  </ItemGroup>
  <ItemGroup>
    <ClInclude Include="..\..\gameserver\config\ServerConfig.h">
      <Filter>config</Filter>
    </ClInclude>
    <ClInclude Include="..\..\gameserver\handlers\ClientHandler.h">
      <Filter>handlers</Filter>
    </ClInclude>
    <ClInclude Include="..\..\gameserver\handlers\DsHandler.h">
      <Filter>handlers</Filter>
    </ClInclude>
    <ClInclude Include="..\..\gameserver\GameServer.h">
      <Filter>头文件</Filter>
    </ClInclude>
    <ClInclude Include="..\..\gameserver\header.h">
      <Filter>头文件</Filter>
    </ClInclude>
    <ClInclude Include="..\..\gameserver\handlers\GsMsgChainer.h">
      <Filter>handlers</Filter>
    </ClInclude>
    <ClInclude Include="..\..\gameserver\handlers\LobbyHandler.h">
      <Filter>handlers</Filter>
    </ClInclude>
    <ClInclude Include="..\..\gameserver\scenemng-alpha\Map.h">
      <Filter>scenemng-alpha</Filter>
    </ClInclude>
    <ClInclude Include="..\..\gameserver\scenemng-alpha\SceneMng.h">
      <Filter>scenemng-alpha</Filter>
    </ClInclude>
    <ClInclude Include="..\..\protocol\login.pb.h">
      <Filter>protocol</Filter>
    </ClInclude>
    <ClInclude Include="..\..\gameserver\playermng\PlayerMng.h">
      <Filter>playermng</Filter>
    </ClInclude>
    <ClInclude Include="..\..\protocol\client.pb.h">
      <Filter>protocol</Filter>
    </ClInclude>
    <ClInclude Include="..\..\gameserver\fsm\State.h">
      <Filter>fsm</Filter>
    </ClInclude>
    <ClInclude Include="..\..\gameserver\fsm\StateImpls.h">
      <Filter>fsm</Filter>
    </ClInclude>
    <ClInclude Include="..\..\gameserver\plane_shooting\Map.h">
      <Filter>plane_shooting</Filter>
    </ClInclude>
    <ClInclude Include="..\..\gameserver\plane_shooting\Plane.h">
      <Filter>plane_shooting</Filter>
    </ClInclude>
    <ClInclude Include="..\..\gameserver\plane_shooting\Bullet.h">
      <Filter>plane_shooting</Filter>
    </ClInclude>
    <ClInclude Include="..\..\gameserver\plane_shooting\SceneMng2.h">
      <Filter>plane_shooting</Filter>
    </ClInclude>
    <ClInclude Include="..\..\gameserver\plane_shooting\Object.h">
      <Filter>plane_shooting</Filter>
    </ClInclude>
  </ItemGroup>
</Project>